// !$*UTF8*$!
{
	archiveVersion = 1;
	classes = {
	};
	objectVersion = 46;
	objects = {

/* Begin PBXBuildFile section */
		58097F598D7A218C0D0A665A /* Pods_List_do.framework in Frameworks */ = {isa = PBXBuildFile; fileRef = C06BD620FD626740E9692940 /* Pods_List_do.framework */; };
		DC1EF7D51E72ABA100D4213E /* SeverDataModel.swift in Sources */ = {isa = PBXBuildFile; fileRef = DC1EF7D41E72ABA100D4213E /* SeverDataModel.swift */; };
		DC1EF7D71E72B53400D4213E /* DateToStringExtension.swift in Sources */ = {isa = PBXBuildFile; fileRef = DC1EF7D61E72B53400D4213E /* DateToStringExtension.swift */; };
		DC2011DC1E359B380010261A /* AppDelegate.swift in Sources */ = {isa = PBXBuildFile; fileRef = DC2011DB1E359B380010261A /* AppDelegate.swift */; };
		DC2011E11E359B380010261A /* Main.storyboard in Resources */ = {isa = PBXBuildFile; fileRef = DC2011DF1E359B380010261A /* Main.storyboard */; };
		DC2011E31E359B380010261A /* Assets.xcassets in Resources */ = {isa = PBXBuildFile; fileRef = DC2011E21E359B380010261A /* Assets.xcassets */; };
		DC2011E61E359B380010261A /* LaunchScreen.storyboard in Resources */ = {isa = PBXBuildFile; fileRef = DC2011E41E359B380010261A /* LaunchScreen.storyboard */; };
		DC2F336F1E71678C008157AE /* SignInViewController.swift in Sources */ = {isa = PBXBuildFile; fileRef = DC2F336E1E71678C008157AE /* SignInViewController.swift */; };
		DC8BE55E1E7171B7001FCF86 /* RegistorViewController.swift in Sources */ = {isa = PBXBuildFile; fileRef = DC8BE55D1E7171B7001FCF86 /* RegistorViewController.swift */; };
		DCD14B281E6967F4004E81D2 /* ListDetailViewController.swift in Sources */ = {isa = PBXBuildFile; fileRef = DCD14B271E6967F4004E81D2 /* ListDetailViewController.swift */; };
		DCD14B2C1E69682B004E81D2 /* ItemDetailViewController.swift in Sources */ = {isa = PBXBuildFile; fileRef = DCD14B291E69682B004E81D2 /* ItemDetailViewController.swift */; };
		DCD14B2E1E69682B004E81D2 /* CheckListViewController.swift in Sources */ = {isa = PBXBuildFile; fileRef = DCD14B2B1E69682B004E81D2 /* CheckListViewController.swift */; };
		DCD14B321E696879004E81D2 /* CheckList.swift in Sources */ = {isa = PBXBuildFile; fileRef = DCD14B301E696879004E81D2 /* CheckList.swift */; };
		DCD14B361E6968EF004E81D2 /* CustomCheckListUINavigation.swift in Sources */ = {isa = PBXBuildFile; fileRef = DCD14B351E6968EF004E81D2 /* CustomCheckListUINavigation.swift */; };
		DCD14B3A1E6969DB004E81D2 /* addItem.png in Resources */ = {isa = PBXBuildFile; fileRef = DCD14B381E6969DB004E81D2 /* addItem.png */; };
		DCD14B3B1E6969DB004E81D2 /* editItem.png in Resources */ = {isa = PBXBuildFile; fileRef = DCD14B391E6969DB004E81D2 /* editItem.png */; };
		DCD14B431E6987ED004E81D2 /* AllListViewController.swift in Sources */ = {isa = PBXBuildFile; fileRef = DCD14B421E6987ED004E81D2 /* AllListViewController.swift */; };
		DCE44A041E71330A000CD6F7 /* showNotification.swift in Sources */ = {isa = PBXBuildFile; fileRef = DCE44A031E71330A000CD6F7 /* showNotification.swift */; };
		DCE7F0711E7152CB0058C146 /* DataModel.swift in Sources */ = {isa = PBXBuildFile; fileRef = DCE7F0701E7152CB0058C146 /* DataModel.swift */; };
		DCE7F0731E71629D0058C146 /* GoogleService-Info.plist in Resources */ = {isa = PBXBuildFile; fileRef = DCE7F0721E71629D0058C146 /* GoogleService-Info.plist */; };
		DCF977BA1E7229CE0036DE04 /* loginIcon.png in Resources */ = {isa = PBXBuildFile; fileRef = DCF977B91E7229CE0036DE04 /* loginIcon.png */; };
		DCF977BC1E722A6E0036DE04 /* FireBaseModel.swift in Sources */ = {isa = PBXBuildFile; fileRef = DCF977BB1E722A6E0036DE04 /* FireBaseModel.swift */; };
/* End PBXBuildFile section */

/* Begin PBXFileReference section */
		189C1B111503925C0CFDE3B1 /* Pods-List do.release.xcconfig */ = {isa = PBXFileReference; includeInIndex = 1; lastKnownFileType = text.xcconfig; name = "Pods-List do.release.xcconfig"; path = "Pods/Target Support Files/Pods-List do/Pods-List do.release.xcconfig"; sourceTree = "<group>"; };
		C06BD620FD626740E9692940 /* Pods_List_do.framework */ = {isa = PBXFileReference; explicitFileType = wrapper.framework; includeInIndex = 0; path = Pods_List_do.framework; sourceTree = BUILT_PRODUCTS_DIR; };
		DC1EF7D41E72ABA100D4213E /* SeverDataModel.swift */ = {isa = PBXFileReference; fileEncoding = 4; lastKnownFileType = sourcecode.swift; path = SeverDataModel.swift; sourceTree = "<group>"; };
		DC1EF7D61E72B53400D4213E /* DateToStringExtension.swift */ = {isa = PBXFileReference; fileEncoding = 4; lastKnownFileType = sourcecode.swift; path = DateToStringExtension.swift; sourceTree = "<group>"; };
		DC2011D81E359B380010261A /* List do.app */ = {isa = PBXFileReference; explicitFileType = wrapper.application; includeInIndex = 0; path = "List do.app"; sourceTree = BUILT_PRODUCTS_DIR; };
		DC2011DB1E359B380010261A /* AppDelegate.swift */ = {isa = PBXFileReference; lastKnownFileType = sourcecode.swift; name = AppDelegate.swift; path = "List do/AppDelegate.swift"; sourceTree = "<group>"; };
		DC2011E01E359B380010261A /* Base */ = {isa = PBXFileReference; lastKnownFileType = file.storyboard; name = Base; path = Base.lproj/Main.storyboard; sourceTree = "<group>"; };
		DC2011E21E359B380010261A /* Assets.xcassets */ = {isa = PBXFileReference; lastKnownFileType = folder.assetcatalog; name = Assets.xcassets; path = ../Assets.xcassets; sourceTree = "<group>"; };
		DC2011E51E359B380010261A /* Base */ = {isa = PBXFileReference; lastKnownFileType = file.storyboard; name = Base; path = Base.lproj/LaunchScreen.storyboard; sourceTree = "<group>"; };
		DC2011E71E359B380010261A /* Info.plist */ = {isa = PBXFileReference; lastKnownFileType = text.plist.xml; name = Info.plist; path = "List do/Info.plist"; sourceTree = "<group>"; };
		DC2F336E1E71678C008157AE /* SignInViewController.swift */ = {isa = PBXFileReference; fileEncoding = 4; lastKnownFileType = sourcecode.swift; path = SignInViewController.swift; sourceTree = "<group>"; };
		DC8BE55D1E7171B7001FCF86 /* RegistorViewController.swift */ = {isa = PBXFileReference; fileEncoding = 4; lastKnownFileType = sourcecode.swift; path = RegistorViewController.swift; sourceTree = "<group>"; };
		DCD14B271E6967F4004E81D2 /* ListDetailViewController.swift */ = {isa = PBXFileReference; fileEncoding = 4; lastKnownFileType = sourcecode.swift; path = ListDetailViewController.swift; sourceTree = "<group>"; };
		DCD14B291E69682B004E81D2 /* ItemDetailViewController.swift */ = {isa = PBXFileReference; fileEncoding = 4; lastKnownFileType = sourcecode.swift; path = ItemDetailViewController.swift; sourceTree = "<group>"; };
		DCD14B2B1E69682B004E81D2 /* CheckListViewController.swift */ = {isa = PBXFileReference; fileEncoding = 4; lastKnownFileType = sourcecode.swift; path = CheckListViewController.swift; sourceTree = "<group>"; };
		DCD14B301E696879004E81D2 /* CheckList.swift */ = {isa = PBXFileReference; fileEncoding = 4; lastKnownFileType = sourcecode.swift; path = CheckList.swift; sourceTree = "<group>"; };
		DCD14B351E6968EF004E81D2 /* CustomCheckListUINavigation.swift */ = {isa = PBXFileReference; fileEncoding = 4; lastKnownFileType = sourcecode.swift; path = CustomCheckListUINavigation.swift; sourceTree = "<group>"; };
		DCD14B381E6969DB004E81D2 /* addItem.png */ = {isa = PBXFileReference; lastKnownFileType = image.png; path = addItem.png; sourceTree = "<group>"; };
		DCD14B391E6969DB004E81D2 /* editItem.png */ = {isa = PBXFileReference; lastKnownFileType = image.png; path = editItem.png; sourceTree = "<group>"; };
		DCD14B421E6987ED004E81D2 /* AllListViewController.swift */ = {isa = PBXFileReference; fileEncoding = 4; lastKnownFileType = sourcecode.swift; path = AllListViewController.swift; sourceTree = "<group>"; };
		DCE44A031E71330A000CD6F7 /* showNotification.swift */ = {isa = PBXFileReference; fileEncoding = 4; lastKnownFileType = sourcecode.swift; name = showNotification.swift; path = ../Controllers/showNotification.swift; sourceTree = "<group>"; };
		DCE7F0701E7152CB0058C146 /* DataModel.swift */ = {isa = PBXFileReference; fileEncoding = 4; lastKnownFileType = sourcecode.swift; path = DataModel.swift; sourceTree = "<group>"; };
		DCE7F0721E71629D0058C146 /* GoogleService-Info.plist */ = {isa = PBXFileReference; fileEncoding = 4; lastKnownFileType = text.plist.xml; path = "GoogleService-Info.plist"; sourceTree = "<group>"; };
		DCF977B91E7229CE0036DE04 /* loginIcon.png */ = {isa = PBXFileReference; lastKnownFileType = image.png; path = loginIcon.png; sourceTree = "<group>"; };
		DCF977BB1E722A6E0036DE04 /* FireBaseModel.swift */ = {isa = PBXFileReference; fileEncoding = 4; lastKnownFileType = sourcecode.swift; path = FireBaseModel.swift; sourceTree = "<group>"; };
		E69120CD60C46CA5245CD891 /* Pods-List do.debug.xcconfig */ = {isa = PBXFileReference; includeInIndex = 1; lastKnownFileType = text.xcconfig; name = "Pods-List do.debug.xcconfig"; path = "Pods/Target Support Files/Pods-List do/Pods-List do.debug.xcconfig"; sourceTree = "<group>"; };
/* End PBXFileReference section */

/* Begin PBXFrameworksBuildPhase section */
		DC2011D51E359B380010261A /* Frameworks */ = {
			isa = PBXFrameworksBuildPhase;
			buildActionMask = 2147483647;
			files = (
				58097F598D7A218C0D0A665A /* Pods_List_do.framework in Frameworks */,
			);
			runOnlyForDeploymentPostprocessing = 0;
		};
/* End PBXFrameworksBuildPhase section */

/* Begin PBXGroup section */
		11137C4D08FC8A7E270AF992 /* Frameworks */ = {
			isa = PBXGroup;
			children = (
				C06BD620FD626740E9692940 /* Pods_List_do.framework */,
			);
			name = Frameworks;
			sourceTree = "<group>";
		};
		24BC8B7A2997CBC9636BDF36 /* Pods */ = {
			isa = PBXGroup;
			children = (
				E69120CD60C46CA5245CD891 /* Pods-List do.debug.xcconfig */,
				189C1B111503925C0CFDE3B1 /* Pods-List do.release.xcconfig */,
			);
			name = Pods;
			sourceTree = "<group>";
		};
		DC2011CF1E359B380010261A = {
			isa = PBXGroup;
			children = (
				DC2011DA1E359B380010261A /* List do */,
				DC2011DB1E359B380010261A /* AppDelegate.swift */,
				DC2011E71E359B380010261A /* Info.plist */,
				DCE7F0721E71629D0058C146 /* GoogleService-Info.plist */,
				DC2011D91E359B380010261A /* Products */,
				24BC8B7A2997CBC9636BDF36 /* Pods */,
				11137C4D08FC8A7E270AF992 /* Frameworks */,
			);
			sourceTree = "<group>";
		};
		DC2011D91E359B380010261A /* Products */ = {
			isa = PBXGroup;
			children = (
				DC2011D81E359B380010261A /* List do.app */,
			);
			name = Products;
			sourceTree = "<group>";
		};
		DC2011DA1E359B380010261A /* List do */ = {
			isa = PBXGroup;
			children = (
				DCD14B231E696781004E81D2 /* Helpers */,
				DCD14B2F1E69684A004E81D2 /* Models */,
				DCD14B341E6968A5004E81D2 /* View */,
				DCD14B261E6967DB004E81D2 /* Controllers */,
				DCD14B371E6969A1004E81D2 /* resource */,
			);
			path = "List do";
			sourceTree = "<group>";
		};
		DCD14B231E696781004E81D2 /* Helpers */ = {
			isa = PBXGroup;
			children = (
				DCD14B251E6967BB004E81D2 /* Utils */,
				DCD14B241E69679F004E81D2 /* Extensions */,
			);
			path = Helpers;
			sourceTree = "<group>";
		};
		DCD14B241E69679F004E81D2 /* Extensions */ = {
			isa = PBXGroup;
			children = (
				DC1EF7D61E72B53400D4213E /* DateToStringExtension.swift */,
			);
			path = Extensions;
			sourceTree = "<group>";
		};
		DCD14B251E6967BB004E81D2 /* Utils */ = {
			isa = PBXGroup;
			children = (
			);
			path = Utils;
			sourceTree = "<group>";
		};
		DCD14B261E6967DB004E81D2 /* Controllers */ = {
			isa = PBXGroup;
			children = (
				DCD14B421E6987ED004E81D2 /* AllListViewController.swift */,
				DCD14B2B1E69682B004E81D2 /* CheckListViewController.swift */,
				DCD14B271E6967F4004E81D2 /* ListDetailViewController.swift */,
				DCD14B291E69682B004E81D2 /* ItemDetailViewController.swift */,
				DC2F336E1E71678C008157AE /* SignInViewController.swift */,
				DC8BE55D1E7171B7001FCF86 /* RegistorViewController.swift */,
			);
			path = Controllers;
			sourceTree = "<group>";
		};
		DCD14B2F1E69684A004E81D2 /* Models */ = {
			isa = PBXGroup;
			children = (
				DCD14B301E696879004E81D2 /* CheckList.swift */,
				DCE7F0701E7152CB0058C146 /* DataModel.swift */,
				DCF977BB1E722A6E0036DE04 /* FireBaseModel.swift */,
				DC1EF7D41E72ABA100D4213E /* SeverDataModel.swift */,
			);
			path = Models;
			sourceTree = "<group>";
		};
		DCD14B341E6968A5004E81D2 /* View */ = {
			isa = PBXGroup;
			children = (
				DCE44A031E71330A000CD6F7 /* showNotification.swift */,
				DCD14B351E6968EF004E81D2 /* CustomCheckListUINavigation.swift */,
			);
			path = View;
			sourceTree = "<group>";
		};
		DCD14B371E6969A1004E81D2 /* resource */ = {
			isa = PBXGroup;
			children = (
				DC2011DF1E359B380010261A /* Main.storyboard */,
				DCD14B381E6969DB004E81D2 /* addItem.png */,
				DCD14B391E6969DB004E81D2 /* editItem.png */,
				DCF977B91E7229CE0036DE04 /* loginIcon.png */,
				DC2011E21E359B380010261A /* Assets.xcassets */,
				DC2011E41E359B380010261A /* LaunchScreen.storyboard */,
			);
			path = resource;
			sourceTree = "<group>";
		};
/* End PBXGroup section */

/* Begin PBXNativeTarget section */
		DC2011D71E359B380010261A /* List do */ = {
			isa = PBXNativeTarget;
			buildConfigurationList = DC2011EA1E359B380010261A /* Build configuration list for PBXNativeTarget "List do" */;
			buildPhases = (
				9DC7F5866282EC20B191EF8F /* [CP] Check Pods Manifest.lock */,
				DC2011D41E359B380010261A /* Sources */,
				DC2011D51E359B380010261A /* Frameworks */,
				DC2011D61E359B380010261A /* Resources */,
				58127E1C65625D87758E78C0 /* [CP] Embed Pods Frameworks */,
				88B7C86A18749A21FD7875C8 /* [CP] Copy Pods Resources */,
			);
			buildRules = (
			);
			dependencies = (
			);
			name = "List do";
			productName = "List do";
			productReference = DC2011D81E359B380010261A /* List do.app */;
			productType = "com.apple.product-type.application";
		};
/* End PBXNativeTarget section */

/* Begin PBXProject section */
		DC2011D01E359B380010261A /* Project object */ = {
			isa = PBXProject;
			attributes = {
				LastSwiftUpdateCheck = 0820;
				LastUpgradeCheck = 0820;
				ORGANIZATIONNAME = doantuan;
				TargetAttributes = {
					DC2011D71E359B380010261A = {
						CreatedOnToolsVersion = 8.2.1;
						ProvisioningStyle = Manual;
					};
				};
			};
			buildConfigurationList = DC2011D31E359B380010261A /* Build configuration list for PBXProject "List do" */;
			compatibilityVersion = "Xcode 3.2";
			developmentRegion = English;
			hasScannedForEncodings = 0;
			knownRegions = (
				en,
				Base,
			);
			mainGroup = DC2011CF1E359B380010261A;
			productRefGroup = DC2011D91E359B380010261A /* Products */;
			projectDirPath = "";
			projectRoot = "";
			targets = (
				DC2011D71E359B380010261A /* List do */,
			);
		};
/* End PBXProject section */

/* Begin PBXResourcesBuildPhase section */
		DC2011D61E359B380010261A /* Resources */ = {
			isa = PBXResourcesBuildPhase;
			buildActionMask = 2147483647;
			files = (
				DC2011E61E359B380010261A /* LaunchScreen.storyboard in Resources */,
				DCF977BA1E7229CE0036DE04 /* loginIcon.png in Resources */,
				DC2011E31E359B380010261A /* Assets.xcassets in Resources */,
				DCD14B3A1E6969DB004E81D2 /* addItem.png in Resources */,
				DCD14B3B1E6969DB004E81D2 /* editItem.png in Resources */,
				DC2011E11E359B380010261A /* Main.storyboard in Resources */,
				DCE7F0731E71629D0058C146 /* GoogleService-Info.plist in Resources */,
			);
			runOnlyForDeploymentPostprocessing = 0;
		};
/* End PBXResourcesBuildPhase section */

/* Begin PBXShellScriptBuildPhase section */
		58127E1C65625D87758E78C0 /* [CP] Embed Pods Frameworks */ = {
			isa = PBXShellScriptBuildPhase;
			buildActionMask = 2147483647;
			files = (
			);
			inputPaths = (
			);
			name = "[CP] Embed Pods Frameworks";
			outputPaths = (
			);
			runOnlyForDeploymentPostprocessing = 0;
			shellPath = /bin/sh;
			shellScript = "\"${SRCROOT}/Pods/Target Support Files/Pods-List do/Pods-List do-frameworks.sh\"\n";
			showEnvVarsInLog = 0;
		};
		88B7C86A18749A21FD7875C8 /* [CP] Copy Pods Resources */ = {
			isa = PBXShellScriptBuildPhase;
			buildActionMask = 2147483647;
			files = (
			);
			inputPaths = (
			);
			name = "[CP] Copy Pods Resources";
			outputPaths = (
			);
			runOnlyForDeploymentPostprocessing = 0;
			shellPath = /bin/sh;
			shellScript = "\"${SRCROOT}/Pods/Target Support Files/Pods-List do/Pods-List do-resources.sh\"\n";
			showEnvVarsInLog = 0;
		};
		9DC7F5866282EC20B191EF8F /* [CP] Check Pods Manifest.lock */ = {
			isa = PBXShellScriptBuildPhase;
			buildActionMask = 2147483647;
			files = (
			);
			inputPaths = (
			);
			name = "[CP] Check Pods Manifest.lock";
			outputPaths = (
			);
			runOnlyForDeploymentPostprocessing = 0;
			shellPath = /bin/sh;
			shellScript = "diff \"${PODS_ROOT}/../Podfile.lock\" \"${PODS_ROOT}/Manifest.lock\" > /dev/null\nif [ $? != 0 ] ; then\n    # print error to STDERR\n    echo \"error: The sandbox is not in sync with the Podfile.lock. Run 'pod install' or update your CocoaPods installation.\" >&2\n    exit 1\nfi\n";
			showEnvVarsInLog = 0;
		};
/* End PBXShellScriptBuildPhase section */

/* Begin PBXSourcesBuildPhase section */
		DC2011D41E359B380010261A /* Sources */ = {
			isa = PBXSourcesBuildPhase;
			buildActionMask = 2147483647;
			files = (
				DCD14B2E1E69682B004E81D2 /* CheckListViewController.swift in Sources */,
				DCE44A041E71330A000CD6F7 /* showNotification.swift in Sources */,
				DC8BE55E1E7171B7001FCF86 /* RegistorViewController.swift in Sources */,
				DC1EF7D51E72ABA100D4213E /* SeverDataModel.swift in Sources */,
				DCD14B2C1E69682B004E81D2 /* ItemDetailViewController.swift in Sources */,
				DC1EF7D71E72B53400D4213E /* DateToStringExtension.swift in Sources */,
				DCF977BC1E722A6E0036DE04 /* FireBaseModel.swift in Sources */,
				DCE7F0711E7152CB0058C146 /* DataModel.swift in Sources */,
				DCD14B361E6968EF004E81D2 /* CustomCheckListUINavigation.swift in Sources */,
				DCD14B281E6967F4004E81D2 /* ListDetailViewController.swift in Sources */,
				DCD14B321E696879004E81D2 /* CheckList.swift in Sources */,
				DCD14B431E6987ED004E81D2 /* AllListViewController.swift in Sources */,
				DC2F336F1E71678C008157AE /* SignInViewController.swift in Sources */,
				DC2011DC1E359B380010261A /* AppDelegate.swift in Sources */,
			);
			runOnlyForDeploymentPostprocessing = 0;
		};
/* End PBXSourcesBuildPhase section */

/* Begin PBXVariantGroup section */
		DC2011DF1E359B380010261A /* Main.storyboard */ = {
			isa = PBXVariantGroup;
			children = (
				DC2011E01E359B380010261A /* Base */,
			);
			name = Main.storyboard;
			path = ..;
			sourceTree = "<group>";
		};
		DC2011E41E359B380010261A /* LaunchScreen.storyboard */ = {
			isa = PBXVariantGroup;
			children = (
				DC2011E51E359B380010261A /* Base */,
			);
			name = LaunchScreen.storyboard;
			path = ..;
			sourceTree = "<group>";
		};
/* End PBXVariantGroup section */

/* Begin XCBuildConfiguration section */
		DC2011E81E359B380010261A /* Debug */ = {
			isa = XCBuildConfiguration;
			buildSettings = {
				ALWAYS_SEARCH_USER_PATHS = NO;
				CLANG_ANALYZER_NONNULL = YES;
				CLANG_CXX_LANGUAGE_STANDARD = "gnu++0x";
				CLANG_CXX_LIBRARY = "libc++";
				CLANG_ENABLE_MODULES = YES;
				CLANG_ENABLE_OBJC_ARC = YES;
				CLANG_WARN_BOOL_CONVERSION = YES;
				CLANG_WARN_CONSTANT_CONVERSION = YES;
				CLANG_WARN_DIRECT_OBJC_ISA_USAGE = YES_ERROR;
				CLANG_WARN_DOCUMENTATION_COMMENTS = YES;
				CLANG_WARN_EMPTY_BODY = YES;
				CLANG_WARN_ENUM_CONVERSION = YES;
				CLANG_WARN_INFINITE_RECURSION = YES;
				CLANG_WARN_INT_CONVERSION = YES;
				CLANG_WARN_OBJC_ROOT_CLASS = YES_ERROR;
				CLANG_WARN_SUSPICIOUS_MOVE = YES;
				CLANG_WARN_UNREACHABLE_CODE = YES;
				CLANG_WARN__DUPLICATE_METHOD_MATCH = YES;
				"CODE_SIGN_IDENTITY[sdk=iphoneos*]" = "iPhone Developer";
				COPY_PHASE_STRIP = NO;
				DEBUG_INFORMATION_FORMAT = dwarf;
				ENABLE_STRICT_OBJC_MSGSEND = YES;
				ENABLE_TESTABILITY = YES;
				GCC_C_LANGUAGE_STANDARD = gnu99;
				GCC_DYNAMIC_NO_PIC = NO;
				GCC_NO_COMMON_BLOCKS = YES;
				GCC_OPTIMIZATION_LEVEL = 0;
				GCC_PREPROCESSOR_DEFINITIONS = (
					"DEBUG=1",
					"$(inherited)",
				);
				GCC_WARN_64_TO_32_BIT_CONVERSION = YES;
				GCC_WARN_ABOUT_RETURN_TYPE = YES_ERROR;
				GCC_WARN_UNDECLARED_SELECTOR = YES;
				GCC_WARN_UNINITIALIZED_AUTOS = YES_AGGRESSIVE;
				GCC_WARN_UNUSED_FUNCTION = YES;
				GCC_WARN_UNUSED_VARIABLE = YES;
				IPHONEOS_DEPLOYMENT_TARGET = 10.2;
				MTL_ENABLE_DEBUG_INFO = YES;
				ONLY_ACTIVE_ARCH = YES;
				SDKROOT = iphoneos;
				SWIFT_ACTIVE_COMPILATION_CONDITIONS = DEBUG;
				SWIFT_OPTIMIZATION_LEVEL = "-Onone";
			};
			name = Debug;
		};
		DC2011E91E359B380010261A /* Release */ = {
			isa = XCBuildConfiguration;
			buildSettings = {
				ALWAYS_SEARCH_USER_PATHS = NO;
				CLANG_ANALYZER_NONNULL = YES;
				CLANG_CXX_LANGUAGE_STANDARD = "gnu++0x";
				CLANG_CXX_LIBRARY = "libc++";
				CLANG_ENABLE_MODULES = YES;
				CLANG_ENABLE_OBJC_ARC = YES;
				CLANG_WARN_BOOL_CONVERSION = YES;
				CLANG_WARN_CONSTANT_CONVERSION = YES;
				CLANG_WARN_DIRECT_OBJC_ISA_USAGE = YES_ERROR;
				CLANG_WARN_DOCUMENTATION_COMMENTS = YES;
				CLANG_WARN_EMPTY_BODY = YES;
				CLANG_WARN_ENUM_CONVERSION = YES;
				CLANG_WARN_INFINITE_RECURSION = YES;
				CLANG_WARN_INT_CONVERSION = YES;
				CLANG_WARN_OBJC_ROOT_CLASS = YES_ERROR;
				CLANG_WARN_SUSPICIOUS_MOVE = YES;
				CLANG_WARN_UNREACHABLE_CODE = YES;
				CLANG_WARN__DUPLICATE_METHOD_MATCH = YES;
				"CODE_SIGN_IDENTITY[sdk=iphoneos*]" = "iPhone Developer";
				COPY_PHASE_STRIP = NO;
				DEBUG_INFORMATION_FORMAT = "dwarf-with-dsym";
				ENABLE_NS_ASSERTIONS = NO;
				ENABLE_STRICT_OBJC_MSGSEND = YES;
				GCC_C_LANGUAGE_STANDARD = gnu99;
				GCC_NO_COMMON_BLOCKS = YES;
				GCC_WARN_64_TO_32_BIT_CONVERSION = YES;
				GCC_WARN_ABOUT_RETURN_TYPE = YES_ERROR;
				GCC_WARN_UNDECLARED_SELECTOR = YES;
				GCC_WARN_UNINITIALIZED_AUTOS = YES_AGGRESSIVE;
				GCC_WARN_UNUSED_FUNCTION = YES;
				GCC_WARN_UNUSED_VARIABLE = YES;
				IPHONEOS_DEPLOYMENT_TARGET = 10.2;
				MTL_ENABLE_DEBUG_INFO = NO;
				SDKROOT = iphoneos;
				SWIFT_OPTIMIZATION_LEVEL = "-Owholemodule";
				VALIDATE_PRODUCT = YES;
			};
			name = Release;
		};
		DC2011EB1E359B380010261A /* Debug */ = {
			isa = XCBuildConfiguration;
			baseConfigurationReference = E69120CD60C46CA5245CD891 /* Pods-List do.debug.xcconfig */;
			buildSettings = {
				ASSETCATALOG_COMPILER_APPICON_NAME = AppIcon;
				DEVELOPMENT_TEAM = "";
				INFOPLIST_FILE = "List do/Info.plist";
				LD_RUNPATH_SEARCH_PATHS = "$(inherited) @executable_path/Frameworks";
				PRODUCT_BUNDLE_IDENTIFIER = "doantuan.List-do";
				PRODUCT_NAME = "$(TARGET_NAME)";
				SWIFT_VERSION = 3.0;
			};
			name = Debug;
		};
		DC2011EC1E359B380010261A /* Release */ = {
			isa = XCBuildConfiguration;
			baseConfigurationReference = 189C1B111503925C0CFDE3B1 /* Pods-List do.release.xcconfig */;
			buildSettings = {
				ASSETCATALOG_COMPILER_APPICON_NAME = AppIcon;
				DEVELOPMENT_TEAM = "";
				INFOPLIST_FILE = "List do/Info.plist";
				LD_RUNPATH_SEARCH_PATHS = "$(inherited) @executable_path/Frameworks";
				PRODUCT_BUNDLE_IDENTIFIER = "doantuan.List-do";
				PRODUCT_NAME = "$(TARGET_NAME)";
				SWIFT_VERSION = 3.0;
			};
			name = Release;
		};
/* End XCBuildConfiguration section */

/* Begin XCConfigurationList section */
		DC2011D31E359B380010261A /* Build configuration list for PBXProject "List do" */ = {
			isa = XCConfigurationList;
			buildConfigurations = (
				DC2011E81E359B380010261A /* Debug */,
				DC2011E91E359B380010261A /* Release */,
			);
			defaultConfigurationIsVisible = 0;
			defaultConfigurationName = Release;
		};
		DC2011EA1E359B380010261A /* Build configuration list for PBXNativeTarget "List do" */ = {
			isa = XCConfigurationList;
			buildConfigurations = (
				DC2011EB1E359B380010261A /* Debug */,
				DC2011EC1E359B380010261A /* Release */,
			);
			defaultConfigurationIsVisible = 0;
			defaultConfigurationName = Release;
		};
/* End XCConfigurationList section */
	};
	rootObject = DC2011D01E359B380010261A /* Project object */;
}
