// !$*UTF8*$!
{
	archiveVersion = 1;
	classes = {
	};
	objectVersion = 46;
	objects = {

/* Begin PBXBuildFile section */
		DC2011DC1E359B380010261A /* AppDelegate.swift in Sources */ = {isa = PBXBuildFile; fileRef = DC2011DB1E359B380010261A /* AppDelegate.swift */; };
		DC2011E11E359B380010261A /* Main.storyboard in Resources */ = {isa = PBXBuildFile; fileRef = DC2011DF1E359B380010261A /* Main.storyboard */; };
		DC2011E31E359B380010261A /* Assets.xcassets in Resources */ = {isa = PBXBuildFile; fileRef = DC2011E21E359B380010261A /* Assets.xcassets */; };
		DC2011E61E359B380010261A /* LaunchScreen.storyboard in Resources */ = {isa = PBXBuildFile; fileRef = DC2011E41E359B380010261A /* LaunchScreen.storyboard */; };
		DCD14B281E6967F4004E81D2 /* ListDetailViewController.swift in Sources */ = {isa = PBXBuildFile; fileRef = DCD14B271E6967F4004E81D2 /* ListDetailViewController.swift */; };
		DCD14B2C1E69682B004E81D2 /* AddItemViewController.swift in Sources */ = {isa = PBXBuildFile; fileRef = DCD14B291E69682B004E81D2 /* AddItemViewController.swift */; };
		DCD14B2E1E69682B004E81D2 /* CheckListViewController.swift in Sources */ = {isa = PBXBuildFile; fileRef = DCD14B2B1E69682B004E81D2 /* CheckListViewController.swift */; };
		DCD14B321E696879004E81D2 /* CheckList.swift in Sources */ = {isa = PBXBuildFile; fileRef = DCD14B301E696879004E81D2 /* CheckList.swift */; };
		DCD14B331E696879004E81D2 /* ChecklistItem.swift in Sources */ = {isa = PBXBuildFile; fileRef = DCD14B311E696879004E81D2 /* ChecklistItem.swift */; };
		DCD14B361E6968EF004E81D2 /* CustomCheckListUINavigation.swift in Sources */ = {isa = PBXBuildFile; fileRef = DCD14B351E6968EF004E81D2 /* CustomCheckListUINavigation.swift */; };
		DCD14B3A1E6969DB004E81D2 /* addItem.png in Resources */ = {isa = PBXBuildFile; fileRef = DCD14B381E6969DB004E81D2 /* addItem.png */; };
		DCD14B3B1E6969DB004E81D2 /* editItem.png in Resources */ = {isa = PBXBuildFile; fileRef = DCD14B391E6969DB004E81D2 /* editItem.png */; };
		DCD14B411E698723004E81D2 /* CustomAddItemBarButton.swift in Sources */ = {isa = PBXBuildFile; fileRef = DCD14B401E698723004E81D2 /* CustomAddItemBarButton.swift */; };
		DCD14B431E6987ED004E81D2 /* AllListViewController.swift in Sources */ = {isa = PBXBuildFile; fileRef = DCD14B421E6987ED004E81D2 /* AllListViewController.swift */; };
/* End PBXBuildFile section */

/* Begin PBXFileReference section */
		DC2011D81E359B380010261A /* List do.app */ = {isa = PBXFileReference; explicitFileType = wrapper.application; includeInIndex = 0; path = "List do.app"; sourceTree = BUILT_PRODUCTS_DIR; };
		DC2011DB1E359B380010261A /* AppDelegate.swift */ = {isa = PBXFileReference; lastKnownFileType = sourcecode.swift; name = AppDelegate.swift; path = "List do/AppDelegate.swift"; sourceTree = "<group>"; };
		DC2011E01E359B380010261A /* Base */ = {isa = PBXFileReference; lastKnownFileType = file.storyboard; name = Base; path = Base.lproj/Main.storyboard; sourceTree = "<group>"; };
		DC2011E21E359B380010261A /* Assets.xcassets */ = {isa = PBXFileReference; lastKnownFileType = folder.assetcatalog; name = Assets.xcassets; path = ../Assets.xcassets; sourceTree = "<group>"; };
		DC2011E51E359B380010261A /* Base */ = {isa = PBXFileReference; lastKnownFileType = file.storyboard; name = Base; path = Base.lproj/LaunchScreen.storyboard; sourceTree = "<group>"; };
		DC2011E71E359B380010261A /* Info.plist */ = {isa = PBXFileReference; lastKnownFileType = text.plist.xml; name = Info.plist; path = "List do/Info.plist"; sourceTree = "<group>"; };
		DCD14B271E6967F4004E81D2 /* ListDetailViewController.swift */ = {isa = PBXFileReference; fileEncoding = 4; lastKnownFileType = sourcecode.swift; path = ListDetailViewController.swift; sourceTree = "<group>"; };
		DCD14B291E69682B004E81D2 /* AddItemViewController.swift */ = {isa = PBXFileReference; fileEncoding = 4; lastKnownFileType = sourcecode.swift; path = AddItemViewController.swift; sourceTree = "<group>"; };
		DCD14B2B1E69682B004E81D2 /* CheckListViewController.swift */ = {isa = PBXFileReference; fileEncoding = 4; lastKnownFileType = sourcecode.swift; path = CheckListViewController.swift; sourceTree = "<group>"; };
		DCD14B301E696879004E81D2 /* CheckList.swift */ = {isa = PBXFileReference; fileEncoding = 4; lastKnownFileType = sourcecode.swift; path = CheckList.swift; sourceTree = "<group>"; };
		DCD14B311E696879004E81D2 /* ChecklistItem.swift */ = {isa = PBXFileReference; fileEncoding = 4; lastKnownFileType = sourcecode.swift; path = ChecklistItem.swift; sourceTree = "<group>"; };
		DCD14B351E6968EF004E81D2 /* CustomCheckListUINavigation.swift */ = {isa = PBXFileReference; fileEncoding = 4; lastKnownFileType = sourcecode.swift; path = CustomCheckListUINavigation.swift; sourceTree = "<group>"; };
		DCD14B381E6969DB004E81D2 /* addItem.png */ = {isa = PBXFileReference; lastKnownFileType = image.png; path = addItem.png; sourceTree = "<group>"; };
		DCD14B391E6969DB004E81D2 /* editItem.png */ = {isa = PBXFileReference; lastKnownFileType = image.png; path = editItem.png; sourceTree = "<group>"; };
		DCD14B401E698723004E81D2 /* CustomAddItemBarButton.swift */ = {isa = PBXFileReference; fileEncoding = 4; lastKnownFileType = sourcecode.swift; path = CustomAddItemBarButton.swift; sourceTree = "<group>"; };
		DCD14B421E6987ED004E81D2 /* AllListViewController.swift */ = {isa = PBXFileReference; fileEncoding = 4; lastKnownFileType = sourcecode.swift; path = AllListViewController.swift; sourceTree = "<group>"; };
/* End PBXFileReference section */

/* Begin PBXFrameworksBuildPhase section */
		DC2011D51E359B380010261A /* Frameworks */ = {
			isa = PBXFrameworksBuildPhase;
			buildActionMask = 2147483647;
			files = (
			);
			runOnlyForDeploymentPostprocessing = 0;
		};
/* End PBXFrameworksBuildPhase section */

/* Begin PBXGroup section */
		DC2011CF1E359B380010261A = {
			isa = PBXGroup;
			children = (
				DC2011DA1E359B380010261A /* List do */,
				DC2011DB1E359B380010261A /* AppDelegate.swift */,
				DC2011E71E359B380010261A /* Info.plist */,
				DC2011D91E359B380010261A /* Products */,
			);
			sourceTree = "<group>";
		};
		DC2011D91E359B380010261A /* Products */ = {
			isa = PBXGroup;
			children = (
				DC2011D81E359B380010261A /* List do.app */,
			);
			name = Products;
			sourceTree = "<group>";
		};
		DC2011DA1E359B380010261A /* List do */ = {
			isa = PBXGroup;
			children = (
				DCD14B231E696781004E81D2 /* Helpers */,
				DCD14B2F1E69684A004E81D2 /* Models */,
				DCD14B341E6968A5004E81D2 /* View */,
				DCD14B261E6967DB004E81D2 /* Controllers */,
				DCD14B371E6969A1004E81D2 /* resource */,
			);
			path = "List do";
			sourceTree = "<group>";
		};
		DCD14B231E696781004E81D2 /* Helpers */ = {
			isa = PBXGroup;
			children = (
				DCD14B251E6967BB004E81D2 /* Utils */,
				DCD14B241E69679F004E81D2 /* Extensions */,
			);
			path = Helpers;
			sourceTree = "<group>";
		};
		DCD14B241E69679F004E81D2 /* Extensions */ = {
			isa = PBXGroup;
			children = (
			);
			path = Extensions;
			sourceTree = "<group>";
		};
		DCD14B251E6967BB004E81D2 /* Utils */ = {
			isa = PBXGroup;
			children = (
			);
			path = Utils;
			sourceTree = "<group>";
		};
		DCD14B261E6967DB004E81D2 /* Controllers */ = {
			isa = PBXGroup;
			children = (
				DCD14B421E6987ED004E81D2 /* AllListViewController.swift */,
				DCD14B271E6967F4004E81D2 /* ListDetailViewController.swift */,
				DCD14B291E69682B004E81D2 /* AddItemViewController.swift */,
				DCD14B2B1E69682B004E81D2 /* CheckListViewController.swift */,
			);
			path = Controllers;
			sourceTree = "<group>";
		};
		DCD14B2F1E69684A004E81D2 /* Models */ = {
			isa = PBXGroup;
			children = (
				DCD14B301E696879004E81D2 /* CheckList.swift */,
				DCD14B311E696879004E81D2 /* ChecklistItem.swift */,
			);
			path = Models;
			sourceTree = "<group>";
		};
		DCD14B341E6968A5004E81D2 /* View */ = {
			isa = PBXGroup;
			children = (
				DCD14B351E6968EF004E81D2 /* CustomCheckListUINavigation.swift */,
				DCD14B401E698723004E81D2 /* CustomAddItemBarButton.swift */,
			);
			path = View;
			sourceTree = "<group>";
		};
		DCD14B371E6969A1004E81D2 /* resource */ = {
			isa = PBXGroup;
			children = (
				DC2011DF1E359B380010261A /* Main.storyboard */,
				DCD14B381E6969DB004E81D2 /* addItem.png */,
				DCD14B391E6969DB004E81D2 /* editItem.png */,
				DC2011E21E359B380010261A /* Assets.xcassets */,
				DC2011E41E359B380010261A /* LaunchScreen.storyboard */,
			);
			path = resource;
			sourceTree = "<group>";
		};
/* End PBXGroup section */

/* Begin PBXNativeTarget section */
		DC2011D71E359B380010261A /* List do */ = {
			isa = PBXNativeTarget;
			buildConfigurationList = DC2011EA1E359B380010261A /* Build configuration list for PBXNativeTarget "List do" */;
			buildPhases = (
				DC2011D41E359B380010261A /* Sources */,
				DC2011D51E359B380010261A /* Frameworks */,
				DC2011D61E359B380010261A /* Resources */,
			);
			buildRules = (
			);
			dependencies = (
			);
			name = "List do";
			productName = "List do";
			productReference = DC2011D81E359B380010261A /* List do.app */;
			productType = "com.apple.product-type.application";
		};
/* End PBXNativeTarget section */

/* Begin PBXProject section */
		DC2011D01E359B380010261A /* Project object */ = {
			isa = PBXProject;
			attributes = {
				LastSwiftUpdateCheck = 0820;
				LastUpgradeCheck = 0820;
				ORGANIZATIONNAME = doantuan;
				TargetAttributes = {
					DC2011D71E359B380010261A = {
						CreatedOnToolsVersion = 8.2.1;
						DevelopmentTeam = 25ZS53YZR8;
						ProvisioningStyle = Automatic;
					};
				};
			};
			buildConfigurationList = DC2011D31E359B380010261A /* Build configuration list for PBXProject "List do" */;
			compatibilityVersion = "Xcode 3.2";
			developmentRegion = English;
			hasScannedForEncodings = 0;
			knownRegions = (
				en,
				Base,
			);
			mainGroup = DC2011CF1E359B380010261A;
			productRefGroup = DC2011D91E359B380010261A /* Products */;
			projectDirPath = "";
			projectRoot = "";
			targets = (
				DC2011D71E359B380010261A /* List do */,
			);
		};
/* End PBXProject section */

/* Begin PBXResourcesBuildPhase section */
		DC2011D61E359B380010261A /* Resources */ = {
			isa = PBXResourcesBuildPhase;
			buildActionMask = 2147483647;
			files = (
				DC2011E61E359B380010261A /* LaunchScreen.storyboard in Resources */,
				DC2011E31E359B380010261A /* Assets.xcassets in Resources */,
				DCD14B3A1E6969DB004E81D2 /* addItem.png in Resources */,
				DCD14B3B1E6969DB004E81D2 /* editItem.png in Resources */,
				DC2011E11E359B380010261A /* Main.storyboard in Resources */,
			);
			runOnlyForDeploymentPostprocessing = 0;
		};
/* End PBXResourcesBuildPhase section */

/* Begin PBXSourcesBuildPhase section */
		DC2011D41E359B380010261A /* Sources */ = {
			isa = PBXSourcesBuildPhase;
			buildActionMask = 2147483647;
			files = (
				DCD14B2E1E69682B004E81D2 /* CheckListViewController.swift in Sources */,
				DCD14B331E696879004E81D2 /* ChecklistItem.swift in Sources */,
				DCD14B2C1E69682B004E81D2 /* AddItemViewController.swift in Sources */,
				DCD14B361E6968EF004E81D2 /* CustomCheckListUINavigation.swift in Sources */,
				DCD14B281E6967F4004E81D2 /* ListDetailViewController.swift in Sources */,
				DCD14B321E696879004E81D2 /* CheckList.swift in Sources */,
				DCD14B431E6987ED004E81D2 /* AllListViewController.swift in Sources */,
				DCD14B411E698723004E81D2 /* CustomAddItemBarButton.swift in Sources */,
				DC2011DC1E359B380010261A /* AppDelegate.swift in Sources */,
			);
			runOnlyForDeploymentPostprocessing = 0;
		};
/* End PBXSourcesBuildPhase section */

/* Begin PBXVariantGroup section */
		DC2011DF1E359B380010261A /* Main.storyboard */ = {
			isa = PBXVariantGroup;
			children = (
				DC2011E01E359B380010261A /* Base */,
			);
			name = Main.storyboard;
			path = ..;
			sourceTree = "<group>";
		};
		DC2011E41E359B380010261A /* LaunchScreen.storyboard */ = {
			isa = PBXVariantGroup;
			children = (
				DC2011E51E359B380010261A /* Base */,
			);
			name = LaunchScreen.storyboard;
			path = ..;
			sourceTree = "<group>";
		};
/* End PBXVariantGroup section */

/* Begin XCBuildConfiguration section */
		DC2011E81E359B380010261A /* Debug */ = {
			isa = XCBuildConfiguration;
			buildSettings = {
				ALWAYS_SEARCH_USER_PATHS = NO;
				CLANG_ANALYZER_NONNULL = YES;
				CLANG_CXX_LANGUAGE_STANDARD = "gnu++0x";
				CLANG_CXX_LIBRARY = "libc++";
				CLANG_ENABLE_MODULES = YES;
				CLANG_ENABLE_OBJC_ARC = YES;
				CLANG_WARN_BOOL_CONVERSION = YES;
				CLANG_WARN_CONSTANT_CONVERSION = YES;
				CLANG_WARN_DIRECT_OBJC_ISA_USAGE = YES_ERROR;
				CLANG_WARN_DOCUMENTATION_COMMENTS = YES;
				CLANG_WARN_EMPTY_BODY = YES;
				CLANG_WARN_ENUM_CONVERSION = YES;
				CLANG_WARN_INFINITE_RECURSION = YES;
				CLANG_WARN_INT_CONVERSION = YES;
				CLANG_WARN_OBJC_ROOT_CLASS = YES_ERROR;
				CLANG_WARN_SUSPICIOUS_MOVE = YES;
				CLANG_WARN_UNREACHABLE_CODE = YES;
				CLANG_WARN__DUPLICATE_METHOD_MATCH = YES;
				"CODE_SIGN_IDENTITY[sdk=iphoneos*]" = "iPhone Developer";
				COPY_PHASE_STRIP = NO;
				DEBUG_INFORMATION_FORMAT = dwarf;
				ENABLE_STRICT_OBJC_MSGSEND = YES;
				ENABLE_TESTABILITY = YES;
				GCC_C_LANGUAGE_STANDARD = gnu99;
				GCC_DYNAMIC_NO_PIC = NO;
				GCC_NO_COMMON_BLOCKS = YES;
				GCC_OPTIMIZATION_LEVEL = 0;
				GCC_PREPROCESSOR_DEFINITIONS = (
					"DEBUG=1",
					"$(inherited)",
				);
				GCC_WARN_64_TO_32_BIT_CONVERSION = YES;
				GCC_WARN_ABOUT_RETURN_TYPE = YES_ERROR;
				GCC_WARN_UNDECLARED_SELECTOR = YES;
				GCC_WARN_UNINITIALIZED_AUTOS = YES_AGGRESSIVE;
				GCC_WARN_UNUSED_FUNCTION = YES;
				GCC_WARN_UNUSED_VARIABLE = YES;
				IPHONEOS_DEPLOYMENT_TARGET = 10.2;
				MTL_ENABLE_DEBUG_INFO = YES;
				ONLY_ACTIVE_ARCH = YES;
				SDKROOT = iphoneos;
				SWIFT_ACTIVE_COMPILATION_CONDITIONS = DEBUG;
				SWIFT_OPTIMIZATION_LEVEL = "-Onone";
			};
			name = Debug;
		};
		DC2011E91E359B380010261A /* Release */ = {
			isa = XCBuildConfiguration;
			buildSettings = {
				ALWAYS_SEARCH_USER_PATHS = NO;
				CLANG_ANALYZER_NONNULL = YES;
				CLANG_CXX_LANGUAGE_STANDARD = "gnu++0x";
				CLANG_CXX_LIBRARY = "libc++";
				CLANG_ENABLE_MODULES = YES;
				CLANG_ENABLE_OBJC_ARC = YES;
				CLANG_WARN_BOOL_CONVERSION = YES;
				CLANG_WARN_CONSTANT_CONVERSION = YES;
				CLANG_WARN_DIRECT_OBJC_ISA_USAGE = YES_ERROR;
				CLANG_WARN_DOCUMENTATION_COMMENTS = YES;
				CLANG_WARN_EMPTY_BODY = YES;
				CLANG_WARN_ENUM_CONVERSION = YES;
				CLANG_WARN_INFINITE_RECURSION = YES;
				CLANG_WARN_INT_CONVERSION = YES;
				CLANG_WARN_OBJC_ROOT_CLASS = YES_ERROR;
				CLANG_WARN_SUSPICIOUS_MOVE = YES;
				CLANG_WARN_UNREACHABLE_CODE = YES;
				CLANG_WARN__DUPLICATE_METHOD_MATCH = YES;
				"CODE_SIGN_IDENTITY[sdk=iphoneos*]" = "iPhone Developer";
				COPY_PHASE_STRIP = NO;
				DEBUG_INFORMATION_FORMAT = "dwarf-with-dsym";
				ENABLE_NS_ASSERTIONS = NO;
				ENABLE_STRICT_OBJC_MSGSEND = YES;
				GCC_C_LANGUAGE_STANDARD = gnu99;
				GCC_NO_COMMON_BLOCKS = YES;
				GCC_WARN_64_TO_32_BIT_CONVERSION = YES;
				GCC_WARN_ABOUT_RETURN_TYPE = YES_ERROR;
				GCC_WARN_UNDECLARED_SELECTOR = YES;
				GCC_WARN_UNINITIALIZED_AUTOS = YES_AGGRESSIVE;
				GCC_WARN_UNUSED_FUNCTION = YES;
				GCC_WARN_UNUSED_VARIABLE = YES;
				IPHONEOS_DEPLOYMENT_TARGET = 10.2;
				MTL_ENABLE_DEBUG_INFO = NO;
				SDKROOT = iphoneos;
				SWIFT_OPTIMIZATION_LEVEL = "-Owholemodule";
				VALIDATE_PRODUCT = YES;
			};
			name = Release;
		};
		DC2011EB1E359B380010261A /* Debug */ = {
			isa = XCBuildConfiguration;
			buildSettings = {
				ASSETCATALOG_COMPILER_APPICON_NAME = AppIcon;
				DEVELOPMENT_TEAM = 25ZS53YZR8;
				INFOPLIST_FILE = "List do/Info.plist";
				LD_RUNPATH_SEARCH_PATHS = "$(inherited) @executable_path/Frameworks";
				PRODUCT_BUNDLE_IDENTIFIER = "doantuan.List-do";
				PRODUCT_NAME = "$(TARGET_NAME)";
				SWIFT_VERSION = 3.0;
			};
			name = Debug;
		};
		DC2011EC1E359B380010261A /* Release */ = {
			isa = XCBuildConfiguration;
			buildSettings = {
				ASSETCATALOG_COMPILER_APPICON_NAME = AppIcon;
				DEVELOPMENT_TEAM = 25ZS53YZR8;
				INFOPLIST_FILE = "List do/Info.plist";
				LD_RUNPATH_SEARCH_PATHS = "$(inherited) @executable_path/Frameworks";
				PRODUCT_BUNDLE_IDENTIFIER = "doantuan.List-do";
				PRODUCT_NAME = "$(TARGET_NAME)";
				SWIFT_VERSION = 3.0;
			};
			name = Release;
		};
/* End XCBuildConfiguration section */

/* Begin XCConfigurationList section */
		DC2011D31E359B380010261A /* Build configuration list for PBXProject "List do" */ = {
			isa = XCConfigurationList;
			buildConfigurations = (
				DC2011E81E359B380010261A /* Debug */,
				DC2011E91E359B380010261A /* Release */,
			);
			defaultConfigurationIsVisible = 0;
			defaultConfigurationName = Release;
		};
		DC2011EA1E359B380010261A /* Build configuration list for PBXNativeTarget "List do" */ = {
			isa = XCConfigurationList;
			buildConfigurations = (
				DC2011EB1E359B380010261A /* Debug */,
				DC2011EC1E359B380010261A /* Release */,
			);
			defaultConfigurationIsVisible = 0;
			defaultConfigurationName = Release;
		};
/* End XCConfigurationList section */
	};
	rootObject = DC2011D01E359B380010261A /* Project object */;
}
